
Microsoft Visual Studio Solution File, Format Version 12.00
# Visual Studio Version 17
VisualStudioVersion = 17.7.34202.233
MinimumVisualStudioVersion = 10.0.40219.1
Project("{54A90642-561A-4BB1-A94E-469ADEE60C69}") = "reactapp", "reactapp\reactapp.esproj", "{3030AD7D-145E-404B-98BB-62DEDD683B4E}"
EndProject
Project("{9A19103F-16F7-4668-BE54-9A1E7A4F7556}") = "webapi", "webapi\webapi.csproj", "{572D5407-8695-4676-9568-AF534E4E104A}"
EndProject
Project("{FAE04EC0-301F-11D3-BF4B-00C04F79EFBC}") = "webapi.Models", "..\webapi.Models\webapi.Models.csproj", "{147487F5-A50A-4290-8286-ABEDEB1D6FCA}"
EndProject
Project("{FAE04EC0-301F-11D3-BF4B-00C04F79EFBC}") = "OpenAIClient", "..\OpenAIClient\OpenAIClient.csproj", "{CAD471E6-0D8B-4EFB-B175-2DAA985CF9A1}"
EndProject
Global
	GlobalSection(SolutionConfigurationPlatforms) = preSolution
		Debug|Any CPU = Debug|Any CPU
		Release|Any CPU = Release|Any CPU
	EndGlobalSection
	GlobalSection(ProjectConfigurationPlatforms) = postSolution
		{3030AD7D-145E-404B-98BB-62DEDD683B4E}.Debug|Any CPU.ActiveCfg = Debug|Any CPU
		{3030AD7D-145E-404B-98BB-62DEDD683B4E}.Debug|Any CPU.Build.0 = Debug|Any CPU
		{3030AD7D-145E-404B-98BB-62DEDD683B4E}.Debug|Any CPU.Deploy.0 = Debug|Any CPU
		{3030AD7D-145E-404B-98BB-62DEDD683B4E}.Release|Any CPU.ActiveCfg = Release|Any CPU
		{3030AD7D-145E-404B-98BB-62DEDD683B4E}.Release|Any CPU.Build.0 = Release|Any CPU
		{3030AD7D-145E-404B-98BB-62DEDD683B4E}.Release|Any CPU.Deploy.0 = Release|Any CPU
		{572D5407-8695-4676-9568-AF534E4E104A}.Debug|Any CPU.ActiveCfg = Debug|Any CPU
		{572D5407-8695-4676-9568-AF534E4E104A}.Debug|Any CPU.Build.0 = Debug|Any CPU
		{572D5407-8695-4676-9568-AF534E4E104A}.Release|Any CPU.ActiveCfg = Release|Any CPU
		{572D5407-8695-4676-9568-AF534E4E104A}.Release|Any CPU.Build.0 = Release|Any CPU
		{147487F5-A50A-4290-8286-ABEDEB1D6FCA}.Debug|Any CPU.ActiveCfg = Debug|Any CPU
		{147487F5-A50A-4290-8286-ABEDEB1D6FCA}.Debug|Any CPU.Build.0 = Debug|Any CPU
		{147487F5-A50A-4290-8286-ABEDEB1D6FCA}.Release|Any CPU.ActiveCfg = Release|Any CPU
		{147487F5-A50A-4290-8286-ABEDEB1D6FCA}.Release|Any CPU.Build.0 = Release|Any CPU
		{CAD471E6-0D8B-4EFB-B175-2DAA985CF9A1}.Debug|Any CPU.ActiveCfg = Debug|Any CPU
		{CAD471E6-0D8B-4EFB-B175-2DAA985CF9A1}.Debug|Any CPU.Build.0 = Debug|Any CPU
		{CAD471E6-0D8B-4EFB-B175-2DAA985CF9A1}.Release|Any CPU.ActiveCfg = Release|Any CPU
		{CAD471E6-0D8B-4EFB-B175-2DAA985CF9A1}.Release|Any CPU.Build.0 = Release|Any CPU
	EndGlobalSection
	GlobalSection(SolutionProperties) = preSolution
		HideSolutionNode = FALSE
	EndGlobalSection
	GlobalSection(ExtensibilityGlobals) = postSolution
		SolutionGuid = {AD8DEEEB-C34A-4A66-AB7D-D2C2EE43FD9C}
	EndGlobalSection
EndGlobal
